
Microsoft Visual Studio Solution File, Format Version 12.00
# Visual Studio Version 16
VisualStudioVersion = 16.0.31624.102
MinimumVisualStudioVersion = 10.0.40219.1
Project("{FAE04EC0-301F-11D3-BF4B-00C04F79EFBC}") = "trougao_odredjen_pravom_i_kordinatnim_pocetkom", "trougao_odredjen_pravom_i_kordinatnim_pocetkom\trougao_odredjen_pravom_i_kordinatnim_pocetkom.csproj", "{4DFF2589-0AB5-435C-BF00-CA1673E890AF}"
EndProject
Global
	GlobalSection(SolutionConfigurationPlatforms) = preSolution
		Debug|Any CPU = Debug|Any CPU
		Release|Any CPU = Release|Any CPU
	EndGlobalSection
	GlobalSection(ProjectConfigurationPlatforms) = postSolution
		{4DFF2589-0AB5-435C-BF00-CA1673E890AF}.Debug|Any CPU.ActiveCfg = Debug|Any CPU
		{4DFF2589-0AB5-435C-BF00-CA1673E890AF}.Debug|Any CPU.Build.0 = Debug|Any CPU
		{4DFF2589-0AB5-435C-BF00-CA1673E890AF}.Release|Any CPU.ActiveCfg = Release|Any CPU
		{4DFF2589-0AB5-435C-BF00-CA1673E890AF}.Release|Any CPU.Build.0 = Release|Any CPU
	EndGlobalSection
	GlobalSection(SolutionProperties) = preSolution
		HideSolutionNode = FALSE
	EndGlobalSection
	GlobalSection(ExtensibilityGlobals) = postSolution
		SolutionGuid = {2E18EFAD-6F79-419E-9CCA-96F91411FF3F}
	EndGlobalSection
EndGlobal
